
Microsoft Visual Studio Solution File, Format Version 12.00
# Visual Studio Version 16
VisualStudioVersion = 16.0.30611.23
MinimumVisualStudioVersion = 10.0.40219.1
Project("{FAE04EC0-301F-11D3-BF4B-00C04F79EFBC}") = "LyricsSave", "LyricsSave\LyricsSave.csproj", "{7D7C50D1-FDD4-400D-848C-73441D36D98A}"
EndProject
Global
	GlobalSection(SolutionConfigurationPlatforms) = preSolution
		Debug|Any CPU = Debug|Any CPU
		Release|Any CPU = Release|Any CPU
	EndGlobalSection
	GlobalSection(ProjectConfigurationPlatforms) = postSolution
		{7D7C50D1-FDD4-400D-848C-73441D36D98A}.Debug|Any CPU.ActiveCfg = Debug|Any CPU
		{7D7C50D1-FDD4-400D-848C-73441D36D98A}.Debug|Any CPU.Build.0 = Debug|Any CPU
		{7D7C50D1-FDD4-400D-848C-73441D36D98A}.Release|Any CPU.ActiveCfg = Release|Any CPU
		{7D7C50D1-FDD4-400D-848C-73441D36D98A}.Release|Any CPU.Build.0 = Release|Any CPU
	EndGlobalSection
	GlobalSection(SolutionProperties) = preSolution
		HideSolutionNode = FALSE
	EndGlobalSection
	GlobalSection(ExtensibilityGlobals) = postSolution
		SolutionGuid = {0DA2F54B-60A7-406D-81B4-5517FD8E4A55}
	EndGlobalSection
EndGlobal
