
Microsoft Visual Studio Solution File, Format Version 12.00
# Visual Studio Version 16
VisualStudioVersion = 16.0.31624.102
MinimumVisualStudioVersion = 10.0.40219.1
Project("{FAE04EC0-301F-11D3-BF4B-00C04F79EFBC}") = "Https_Lyrics", "Https_Lyrics\Https_Lyrics.csproj", "{311BA2DC-F0E2-4523-9C1B-2D98E527A3D9}"
EndProject
Global
	GlobalSection(SolutionConfigurationPlatforms) = preSolution
		Debug|Any CPU = Debug|Any CPU
		Release|Any CPU = Release|Any CPU
	EndGlobalSection
	GlobalSection(ProjectConfigurationPlatforms) = postSolution
		{311BA2DC-F0E2-4523-9C1B-2D98E527A3D9}.Debug|Any CPU.ActiveCfg = Debug|Any CPU
		{311BA2DC-F0E2-4523-9C1B-2D98E527A3D9}.Debug|Any CPU.Build.0 = Debug|Any CPU
		{311BA2DC-F0E2-4523-9C1B-2D98E527A3D9}.Release|Any CPU.ActiveCfg = Release|Any CPU
		{311BA2DC-F0E2-4523-9C1B-2D98E527A3D9}.Release|Any CPU.Build.0 = Release|Any CPU
	EndGlobalSection
	GlobalSection(SolutionProperties) = preSolution
		HideSolutionNode = FALSE
	EndGlobalSection
	GlobalSection(ExtensibilityGlobals) = postSolution
		SolutionGuid = {F626F4E4-42DA-4385-A058-5F50018F9040}
	EndGlobalSection
EndGlobal
